// !$*UTF8*$!
{
	archiveVersion = 1;
	classes = {
	};
	objectVersion = 56;
	objects = {

/* Begin PBXBuildFile section */
		27026FFC2BC463B5001A9088 /* WaitingChatCell.swift in Sources */ = {isa = PBXBuildFile; fileRef = 27026FFB2BC463B5001A9088 /* WaitingChatCell.swift */; };
		2706476B2BBAB67400A8CCE7 /* AppDelegate.swift in Sources */ = {isa = PBXBuildFile; fileRef = 2706476A2BBAB67400A8CCE7 /* AppDelegate.swift */; };
		2706476D2BBAB67400A8CCE7 /* SceneDelegate.swift in Sources */ = {isa = PBXBuildFile; fileRef = 2706476C2BBAB67400A8CCE7 /* SceneDelegate.swift */; };
		2706476F2BBAB67400A8CCE7 /* AuthViewController.swift in Sources */ = {isa = PBXBuildFile; fileRef = 2706476E2BBAB67400A8CCE7 /* AuthViewController.swift */; };
		270647742BBAB67700A8CCE7 /* Assets.xcassets in Resources */ = {isa = PBXBuildFile; fileRef = 270647732BBAB67700A8CCE7 /* Assets.xcassets */; };
		270647772BBAB67700A8CCE7 /* LaunchScreen.storyboard in Resources */ = {isa = PBXBuildFile; fileRef = 270647752BBAB67700A8CCE7 /* LaunchScreen.storyboard */; };
		271A60752BBD0E3700956B9D /* ButtonFormView.swift in Sources */ = {isa = PBXBuildFile; fileRef = 271A60742BBD0E3700956B9D /* ButtonFormView.swift */; };
		271A60772BBD129900956B9D /* StackView + Extension.swift in Sources */ = {isa = PBXBuildFile; fileRef = 271A60762BBD129900956B9D /* StackView + Extension.swift */; };
		271A60792BBD6D3900956B9D /* SignUpViewController.swift in Sources */ = {isa = PBXBuildFile; fileRef = 271A60782BBD6D3900956B9D /* SignUpViewController.swift */; };
		271A607B2BBD6DAC00956B9D /* OneLineTextField.swift in Sources */ = {isa = PBXBuildFile; fileRef = 271A607A2BBD6DAC00956B9D /* OneLineTextField.swift */; };
		271A607D2BBD926900956B9D /* LoginViewController.swift in Sources */ = {isa = PBXBuildFile; fileRef = 271A607C2BBD926900956B9D /* LoginViewController.swift */; };
		271A607F2BBEF8D900956B9D /* SetupProfileViewController.swift in Sources */ = {isa = PBXBuildFile; fileRef = 271A607E2BBEF8D900956B9D /* SetupProfileViewController.swift */; };
		271A60812BBEF8FD00956B9D /* AddPhotoView.swift in Sources */ = {isa = PBXBuildFile; fileRef = 271A60802BBEF8FD00956B9D /* AddPhotoView.swift */; };
		271A60832BBF21F900956B9D /* SegmentedControl + Extension.swift in Sources */ = {isa = PBXBuildFile; fileRef = 271A60822BBF21F900956B9D /* SegmentedControl + Extension.swift */; };
		271A60852BBFA81D00956B9D /* ListViewController.swift in Sources */ = {isa = PBXBuildFile; fileRef = 271A60842BBFA81D00956B9D /* ListViewController.swift */; };
		271A60892BBFA98100956B9D /* MainTabBarController.swift in Sources */ = {isa = PBXBuildFile; fileRef = 271A60882BBFA98100956B9D /* MainTabBarController.swift */; };
		271A608B2BBFA9CA00956B9D /* PeopleViewController.swift in Sources */ = {isa = PBXBuildFile; fileRef = 271A608A2BBFA9CA00956B9D /* PeopleViewController.swift */; };
		2743957F2BC3F5BA00431863 /* ActiveChatCell.swift in Sources */ = {isa = PBXBuildFile; fileRef = 2743957E2BC3F5BA00431863 /* ActiveChatCell.swift */; };
		274395812BC4391400431863 /* GradientView.swift in Sources */ = {isa = PBXBuildFile; fileRef = 274395802BC4391400431863 /* GradientView.swift */; };
		27920E402BC7BBFF00DDE6EA /* UserCell.swift in Sources */ = {isa = PBXBuildFile; fileRef = 27920E3F2BC7BBFF00DDE6EA /* UserCell.swift */; };
		27920E422BC7BC1D00DDE6EA /* UIViewController + Extension.swift in Sources */ = {isa = PBXBuildFile; fileRef = 27920E412BC7BC1D00DDE6EA /* UIViewController + Extension.swift */; };
		27AC82FE2BBC79160051F8C3 /* UIButton + Extension.swift in Sources */ = {isa = PBXBuildFile; fileRef = 27AC82FD2BBC79160051F8C3 /* UIButton + Extension.swift */; };
		27AC83002BBC8C540051F8C3 /* UIFont + Extension.swift in Sources */ = {isa = PBXBuildFile; fileRef = 27AC82FF2BBC8C540051F8C3 /* UIFont + Extension.swift */; };
		27AC83022BBC8D4E0051F8C3 /* UIColor + Extension.swift in Sources */ = {isa = PBXBuildFile; fileRef = 27AC83012BBC8D4E0051F8C3 /* UIColor + Extension.swift */; };
		27AC83042BBC8F170051F8C3 /* Label + Extension.swift in Sources */ = {isa = PBXBuildFile; fileRef = 27AC83032BBC8F170051F8C3 /* Label + Extension.swift */; };
		27AC83062BBC8F3F0051F8C3 /* UIImageView + Extension.swift in Sources */ = {isa = PBXBuildFile; fileRef = 27AC83052BBC8F3F0051F8C3 /* UIImageView + Extension.swift */; };
		27B2405A2BC2704E00B37C72 /* activeChats.json in Resources */ = {isa = PBXBuildFile; fileRef = 27B240592BC2704D00B37C72 /* activeChats.json */; };
		27B2405C2BC2706300B37C72 /* waitingChats.json in Resources */ = {isa = PBXBuildFile; fileRef = 27B2405B2BC2706300B37C72 /* waitingChats.json */; };
		27B2405E2BC2727300B37C72 /* Bundle-Decodable.swift in Sources */ = {isa = PBXBuildFile; fileRef = 27B2405D2BC2727300B37C72 /* Bundle-Decodable.swift */; };
		27E752392BC5128A006E7CC0 /* SelfConfiguringCell.swift in Sources */ = {isa = PBXBuildFile; fileRef = 27E752382BC5128A006E7CC0 /* SelfConfiguringCell.swift */; };
		27E7523B2BC5D68D006E7CC0 /* SectionHeader.swift in Sources */ = {isa = PBXBuildFile; fileRef = 27E7523A2BC5D68D006E7CC0 /* SectionHeader.swift */; };
		27E7523D2BC65ECE006E7CC0 /* users.json in Resources */ = {isa = PBXBuildFile; fileRef = 27E7523C2BC65ECE006E7CC0 /* users.json */; };
		27E752402BC6651B006E7CC0 /* MUser.swift in Sources */ = {isa = PBXBuildFile; fileRef = 27E7523F2BC6651B006E7CC0 /* MUser.swift */; };
		27E752422BC66530006E7CC0 /* MChat.swift in Sources */ = {isa = PBXBuildFile; fileRef = 27E752412BC66530006E7CC0 /* MChat.swift */; };
/* End PBXBuildFile section */

/* Begin PBXFileReference section */
		27026FFB2BC463B5001A9088 /* WaitingChatCell.swift */ = {isa = PBXFileReference; lastKnownFileType = sourcecode.swift; path = WaitingChatCell.swift; sourceTree = "<group>"; };
		270647672BBAB67400A8CCE7 /* IChat.app */ = {isa = PBXFileReference; explicitFileType = wrapper.application; includeInIndex = 0; path = IChat.app; sourceTree = BUILT_PRODUCTS_DIR; };
		2706476A2BBAB67400A8CCE7 /* AppDelegate.swift */ = {isa = PBXFileReference; lastKnownFileType = sourcecode.swift; path = AppDelegate.swift; sourceTree = "<group>"; };
		2706476C2BBAB67400A8CCE7 /* SceneDelegate.swift */ = {isa = PBXFileReference; lastKnownFileType = sourcecode.swift; path = SceneDelegate.swift; sourceTree = "<group>"; };
		2706476E2BBAB67400A8CCE7 /* AuthViewController.swift */ = {isa = PBXFileReference; lastKnownFileType = sourcecode.swift; path = AuthViewController.swift; sourceTree = "<group>"; };
		270647732BBAB67700A8CCE7 /* Assets.xcassets */ = {isa = PBXFileReference; lastKnownFileType = folder.assetcatalog; path = Assets.xcassets; sourceTree = "<group>"; };
		270647762BBAB67700A8CCE7 /* Base */ = {isa = PBXFileReference; lastKnownFileType = file.storyboard; name = Base; path = Base.lproj/LaunchScreen.storyboard; sourceTree = "<group>"; };
		270647782BBAB67700A8CCE7 /* Info.plist */ = {isa = PBXFileReference; lastKnownFileType = text.plist.xml; path = Info.plist; sourceTree = "<group>"; };
		271A60742BBD0E3700956B9D /* ButtonFormView.swift */ = {isa = PBXFileReference; lastKnownFileType = sourcecode.swift; path = ButtonFormView.swift; sourceTree = "<group>"; };
		271A60762BBD129900956B9D /* StackView + Extension.swift */ = {isa = PBXFileReference; lastKnownFileType = sourcecode.swift; path = "StackView + Extension.swift"; sourceTree = "<group>"; };
		271A60782BBD6D3900956B9D /* SignUpViewController.swift */ = {isa = PBXFileReference; lastKnownFileType = sourcecode.swift; path = SignUpViewController.swift; sourceTree = "<group>"; };
		271A607A2BBD6DAC00956B9D /* OneLineTextField.swift */ = {isa = PBXFileReference; lastKnownFileType = sourcecode.swift; path = OneLineTextField.swift; sourceTree = "<group>"; };
		271A607C2BBD926900956B9D /* LoginViewController.swift */ = {isa = PBXFileReference; lastKnownFileType = sourcecode.swift; path = LoginViewController.swift; sourceTree = "<group>"; };
		271A607E2BBEF8D900956B9D /* SetupProfileViewController.swift */ = {isa = PBXFileReference; lastKnownFileType = sourcecode.swift; path = SetupProfileViewController.swift; sourceTree = "<group>"; };
		271A60802BBEF8FD00956B9D /* AddPhotoView.swift */ = {isa = PBXFileReference; lastKnownFileType = sourcecode.swift; path = AddPhotoView.swift; sourceTree = "<group>"; };
		271A60822BBF21F900956B9D /* SegmentedControl + Extension.swift */ = {isa = PBXFileReference; lastKnownFileType = sourcecode.swift; path = "SegmentedControl + Extension.swift"; sourceTree = "<group>"; };
		271A60842BBFA81D00956B9D /* ListViewController.swift */ = {isa = PBXFileReference; lastKnownFileType = sourcecode.swift; path = ListViewController.swift; sourceTree = "<group>"; };
		271A60882BBFA98100956B9D /* MainTabBarController.swift */ = {isa = PBXFileReference; lastKnownFileType = sourcecode.swift; path = MainTabBarController.swift; sourceTree = "<group>"; };
		271A608A2BBFA9CA00956B9D /* PeopleViewController.swift */ = {isa = PBXFileReference; lastKnownFileType = sourcecode.swift; path = PeopleViewController.swift; sourceTree = "<group>"; };
		2743957E2BC3F5BA00431863 /* ActiveChatCell.swift */ = {isa = PBXFileReference; lastKnownFileType = sourcecode.swift; path = ActiveChatCell.swift; sourceTree = "<group>"; };
		274395802BC4391400431863 /* GradientView.swift */ = {isa = PBXFileReference; lastKnownFileType = sourcecode.swift; path = GradientView.swift; sourceTree = "<group>"; };
		27920E3F2BC7BBFF00DDE6EA /* UserCell.swift */ = {isa = PBXFileReference; lastKnownFileType = sourcecode.swift; path = UserCell.swift; sourceTree = "<group>"; };
		27920E412BC7BC1D00DDE6EA /* UIViewController + Extension.swift */ = {isa = PBXFileReference; lastKnownFileType = sourcecode.swift; path = "UIViewController + Extension.swift"; sourceTree = "<group>"; };
		27AC82FD2BBC79160051F8C3 /* UIButton + Extension.swift */ = {isa = PBXFileReference; lastKnownFileType = sourcecode.swift; path = "UIButton + Extension.swift"; sourceTree = "<group>"; };
		27AC82FF2BBC8C540051F8C3 /* UIFont + Extension.swift */ = {isa = PBXFileReference; lastKnownFileType = sourcecode.swift; path = "UIFont + Extension.swift"; sourceTree = "<group>"; };
		27AC83012BBC8D4E0051F8C3 /* UIColor + Extension.swift */ = {isa = PBXFileReference; lastKnownFileType = sourcecode.swift; path = "UIColor + Extension.swift"; sourceTree = "<group>"; };
		27AC83032BBC8F170051F8C3 /* Label + Extension.swift */ = {isa = PBXFileReference; lastKnownFileType = sourcecode.swift; path = "Label + Extension.swift"; sourceTree = "<group>"; };
		27AC83052BBC8F3F0051F8C3 /* UIImageView + Extension.swift */ = {isa = PBXFileReference; lastKnownFileType = sourcecode.swift; path = "UIImageView + Extension.swift"; sourceTree = "<group>"; };
		27B240592BC2704D00B37C72 /* activeChats.json */ = {isa = PBXFileReference; fileEncoding = 4; lastKnownFileType = text.json; path = activeChats.json; sourceTree = "<group>"; };
		27B2405B2BC2706300B37C72 /* waitingChats.json */ = {isa = PBXFileReference; fileEncoding = 4; lastKnownFileType = text.json; path = waitingChats.json; sourceTree = "<group>"; };
		27B2405D2BC2727300B37C72 /* Bundle-Decodable.swift */ = {isa = PBXFileReference; lastKnownFileType = sourcecode.swift; path = "Bundle-Decodable.swift"; sourceTree = "<group>"; };
		27E752382BC5128A006E7CC0 /* SelfConfiguringCell.swift */ = {isa = PBXFileReference; lastKnownFileType = sourcecode.swift; path = SelfConfiguringCell.swift; sourceTree = "<group>"; };
		27E7523A2BC5D68D006E7CC0 /* SectionHeader.swift */ = {isa = PBXFileReference; lastKnownFileType = sourcecode.swift; path = SectionHeader.swift; sourceTree = "<group>"; };
		27E7523C2BC65ECE006E7CC0 /* users.json */ = {isa = PBXFileReference; fileEncoding = 4; lastKnownFileType = text.json; path = users.json; sourceTree = "<group>"; };
		27E7523F2BC6651B006E7CC0 /* MUser.swift */ = {isa = PBXFileReference; lastKnownFileType = sourcecode.swift; path = MUser.swift; sourceTree = "<group>"; };
		27E752412BC66530006E7CC0 /* MChat.swift */ = {isa = PBXFileReference; lastKnownFileType = sourcecode.swift; path = MChat.swift; sourceTree = "<group>"; };
/* End PBXFileReference section */

/* Begin PBXFrameworksBuildPhase section */
		270647642BBAB67400A8CCE7 /* Frameworks */ = {
			isa = PBXFrameworksBuildPhase;
			buildActionMask = 2147483647;
			files = (
			);
			runOnlyForDeploymentPostprocessing = 0;
		};
/* End PBXFrameworksBuildPhase section */

/* Begin PBXGroup section */
		2706475E2BBAB67400A8CCE7 = {
			isa = PBXGroup;
			children = (
				270647692BBAB67400A8CCE7 /* IChat */,
				270647682BBAB67400A8CCE7 /* Products */,
			);
			sourceTree = "<group>";
		};
		270647682BBAB67400A8CCE7 /* Products */ = {
			isa = PBXGroup;
			children = (
				270647672BBAB67400A8CCE7 /* IChat.app */,
			);
			name = Products;
			sourceTree = "<group>";
		};
		270647692BBAB67400A8CCE7 /* IChat */ = {
			isa = PBXGroup;
			children = (
				2706476A2BBAB67400A8CCE7 /* AppDelegate.swift */,
				2706476C2BBAB67400A8CCE7 /* SceneDelegate.swift */,
				27E752442BC665C5006E7CC0 /* Models */,
				271A60872BBFA95100956B9D /* Controllers */,
				271A60862BBFA92100956B9D /* SignIn&Auth */,
				27E752372BC51265006E7CC0 /* Protocols */,
				271A60732BBD0CC100956B9D /* Extensions */,
				270647732BBAB67700A8CCE7 /* Assets.xcassets */,
				270647752BBAB67700A8CCE7 /* LaunchScreen.storyboard */,
				270647782BBAB67700A8CCE7 /* Info.plist */,
			);
			path = IChat;
			sourceTree = "<group>";
		};
		271A60732BBD0CC100956B9D /* Extensions */ = {
			isa = PBXGroup;
			children = (
				271A60802BBEF8FD00956B9D /* AddPhotoView.swift */,
				271A60742BBD0E3700956B9D /* ButtonFormView.swift */,
				271A607A2BBD6DAC00956B9D /* OneLineTextField.swift */,
				274395802BC4391400431863 /* GradientView.swift */,
				27B2405D2BC2727300B37C72 /* Bundle-Decodable.swift */,
				27AC83072BBD0C4F0051F8C3 /* UIKit */,
			);
			path = Extensions;
			sourceTree = "<group>";
		};
		271A60862BBFA92100956B9D /* SignIn&Auth */ = {
			isa = PBXGroup;
			children = (
				2706476E2BBAB67400A8CCE7 /* AuthViewController.swift */,
				271A60782BBD6D3900956B9D /* SignUpViewController.swift */,
				271A607C2BBD926900956B9D /* LoginViewController.swift */,
				271A607E2BBEF8D900956B9D /* SetupProfileViewController.swift */,
			);
			path = "SignIn&Auth";
			sourceTree = "<group>";
		};
		271A60872BBFA95100956B9D /* Controllers */ = {
			isa = PBXGroup;
			children = (
				271A60882BBFA98100956B9D /* MainTabBarController.swift */,
				271A60842BBFA81D00956B9D /* ListViewController.swift */,
				271A608A2BBFA9CA00956B9D /* PeopleViewController.swift */,
				2743957D2BC3F59B00431863 /* Cell */,
				27E7523E2BC65EF8006E7CC0 /* Header */,
			);
			path = Controllers;
			sourceTree = "<group>";
		};
		2743957D2BC3F59B00431863 /* Cell */ = {
			isa = PBXGroup;
			children = (
				2743957E2BC3F5BA00431863 /* ActiveChatCell.swift */,
				27026FFB2BC463B5001A9088 /* WaitingChatCell.swift */,
				27920E3F2BC7BBFF00DDE6EA /* UserCell.swift */,
			);
			path = Cell;
			sourceTree = "<group>";
		};
		27AC83072BBD0C4F0051F8C3 /* UIKit */ = {
			isa = PBXGroup;
			children = (
				27AC82FD2BBC79160051F8C3 /* UIButton + Extension.swift */,
				27920E412BC7BC1D00DDE6EA /* UIViewController + Extension.swift */,
				27AC83032BBC8F170051F8C3 /* Label + Extension.swift */,
				27AC82FF2BBC8C540051F8C3 /* UIFont + Extension.swift */,
				27AC83012BBC8D4E0051F8C3 /* UIColor + Extension.swift */,
				27AC83052BBC8F3F0051F8C3 /* UIImageView + Extension.swift */,
				271A60762BBD129900956B9D /* StackView + Extension.swift */,
				271A60822BBF21F900956B9D /* SegmentedControl + Extension.swift */,
				27B240592BC2704D00B37C72 /* activeChats.json */,
				27B2405B2BC2706300B37C72 /* waitingChats.json */,
				27E7523C2BC65ECE006E7CC0 /* users.json */,
			);
			path = UIKit;
			sourceTree = "<group>";
		};
		27E752372BC51265006E7CC0 /* Protocols */ = {
			isa = PBXGroup;
			children = (
				27E752382BC5128A006E7CC0 /* SelfConfiguringCell.swift */,
			);
			path = Protocols;
			sourceTree = "<group>";
		};
		27E7523E2BC65EF8006E7CC0 /* Header */ = {
			isa = PBXGroup;
			children = (
				27E7523A2BC5D68D006E7CC0 /* SectionHeader.swift */,
			);
			path = Header;
			sourceTree = "<group>";
		};
		27E752442BC665C5006E7CC0 /* Models */ = {
			isa = PBXGroup;
			children = (
				27E7523F2BC6651B006E7CC0 /* MUser.swift */,
				27E752412BC66530006E7CC0 /* MChat.swift */,
			);
			path = Models;
			sourceTree = "<group>";
		};
/* End PBXGroup section */

/* Begin PBXNativeTarget section */
		270647662BBAB67400A8CCE7 /* IChat */ = {
			isa = PBXNativeTarget;
			buildConfigurationList = 2706477B2BBAB67700A8CCE7 /* Build configuration list for PBXNativeTarget "IChat" */;
			buildPhases = (
				270647632BBAB67400A8CCE7 /* Sources */,
				270647642BBAB67400A8CCE7 /* Frameworks */,
				270647652BBAB67400A8CCE7 /* Resources */,
			);
			buildRules = (
			);
			dependencies = (
			);
			name = IChat;
			productName = IChat;
			productReference = 270647672BBAB67400A8CCE7 /* IChat.app */;
			productType = "com.apple.product-type.application";
		};
/* End PBXNativeTarget section */

/* Begin PBXProject section */
		2706475F2BBAB67400A8CCE7 /* Project object */ = {
			isa = PBXProject;
			attributes = {
				BuildIndependentTargetsInParallel = 1;
				LastSwiftUpdateCheck = 1520;
				LastUpgradeCheck = 1520;
				TargetAttributes = {
					270647662BBAB67400A8CCE7 = {
						CreatedOnToolsVersion = 15.2;
					};
				};
			};
			buildConfigurationList = 270647622BBAB67400A8CCE7 /* Build configuration list for PBXProject "IChat" */;
			compatibilityVersion = "Xcode 14.0";
			developmentRegion = en;
			hasScannedForEncodings = 0;
			knownRegions = (
				en,
				Base,
			);
			mainGroup = 2706475E2BBAB67400A8CCE7;
			productRefGroup = 270647682BBAB67400A8CCE7 /* Products */;
			projectDirPath = "";
			projectRoot = "";
			targets = (
				270647662BBAB67400A8CCE7 /* IChat */,
			);
		};
/* End PBXProject section */

/* Begin PBXResourcesBuildPhase section */
		270647652BBAB67400A8CCE7 /* Resources */ = {
			isa = PBXResourcesBuildPhase;
			buildActionMask = 2147483647;
			files = (
				27E7523D2BC65ECE006E7CC0 /* users.json in Resources */,
				270647772BBAB67700A8CCE7 /* LaunchScreen.storyboard in Resources */,
				27B2405A2BC2704E00B37C72 /* activeChats.json in Resources */,
				270647742BBAB67700A8CCE7 /* Assets.xcassets in Resources */,
				27B2405C2BC2706300B37C72 /* waitingChats.json in Resources */,
			);
			runOnlyForDeploymentPostprocessing = 0;
		};
/* End PBXResourcesBuildPhase section */

/* Begin PBXSourcesBuildPhase section */
		270647632BBAB67400A8CCE7 /* Sources */ = {
			isa = PBXSourcesBuildPhase;
			buildActionMask = 2147483647;
			files = (
				27E752422BC66530006E7CC0 /* MChat.swift in Sources */,
				271A60852BBFA81D00956B9D /* ListViewController.swift in Sources */,
				271A607B2BBD6DAC00956B9D /* OneLineTextField.swift in Sources */,
				27E7523B2BC5D68D006E7CC0 /* SectionHeader.swift in Sources */,
				274395812BC4391400431863 /* GradientView.swift in Sources */,
				271A60892BBFA98100956B9D /* MainTabBarController.swift in Sources */,
				271A60792BBD6D3900956B9D /* SignUpViewController.swift in Sources */,
				27E752402BC6651B006E7CC0 /* MUser.swift in Sources */,
				2743957F2BC3F5BA00431863 /* ActiveChatCell.swift in Sources */,
				27AC83002BBC8C540051F8C3 /* UIFont + Extension.swift in Sources */,
				271A608B2BBFA9CA00956B9D /* PeopleViewController.swift in Sources */,
				2706476F2BBAB67400A8CCE7 /* AuthViewController.swift in Sources */,
				27B2405E2BC2727300B37C72 /* Bundle-Decodable.swift in Sources */,
				271A607F2BBEF8D900956B9D /* SetupProfileViewController.swift in Sources */,
				27AC83042BBC8F170051F8C3 /* Label + Extension.swift in Sources */,
				271A60752BBD0E3700956B9D /* ButtonFormView.swift in Sources */,
				271A60812BBEF8FD00956B9D /* AddPhotoView.swift in Sources */,
				2706476B2BBAB67400A8CCE7 /* AppDelegate.swift in Sources */,
				27AC83062BBC8F3F0051F8C3 /* UIImageView + Extension.swift in Sources */,
				271A60832BBF21F900956B9D /* SegmentedControl + Extension.swift in Sources */,
				27920E402BC7BBFF00DDE6EA /* UserCell.swift in Sources */,
				27920E422BC7BC1D00DDE6EA /* UIViewController + Extension.swift in Sources */,
				27E752392BC5128A006E7CC0 /* SelfConfiguringCell.swift in Sources */,
				27026FFC2BC463B5001A9088 /* WaitingChatCell.swift in Sources */,
				27AC83022BBC8D4E0051F8C3 /* UIColor + Extension.swift in Sources */,
				271A60772BBD129900956B9D /* StackView + Extension.swift in Sources */,
				2706476D2BBAB67400A8CCE7 /* SceneDelegate.swift in Sources */,
				271A607D2BBD926900956B9D /* LoginViewController.swift in Sources */,
				27AC82FE2BBC79160051F8C3 /* UIButton + Extension.swift in Sources */,
			);
			runOnlyForDeploymentPostprocessing = 0;
		};
/* End PBXSourcesBuildPhase section */

/* Begin PBXVariantGroup section */
		270647752BBAB67700A8CCE7 /* LaunchScreen.storyboard */ = {
			isa = PBXVariantGroup;
			children = (
				270647762BBAB67700A8CCE7 /* Base */,
			);
			name = LaunchScreen.storyboard;
			sourceTree = "<group>";
		};
/* End PBXVariantGroup section */

/* Begin XCBuildConfiguration section */
		270647792BBAB67700A8CCE7 /* Debug */ = {
			isa = XCBuildConfiguration;
			buildSettings = {
				ALWAYS_SEARCH_USER_PATHS = NO;
				ASSETCATALOG_COMPILER_GENERATE_SWIFT_ASSET_SYMBOL_EXTENSIONS = YES;
				CLANG_ANALYZER_NONNULL = YES;
				CLANG_ANALYZER_NUMBER_OBJECT_CONVERSION = YES_AGGRESSIVE;
				CLANG_CXX_LANGUAGE_STANDARD = "gnu++20";
				CLANG_ENABLE_MODULES = YES;
				CLANG_ENABLE_OBJC_ARC = YES;
				CLANG_ENABLE_OBJC_WEAK = YES;
				CLANG_WARN_BLOCK_CAPTURE_AUTORELEASING = YES;
				CLANG_WARN_BOOL_CONVERSION = YES;
				CLANG_WARN_COMMA = YES;
				CLANG_WARN_CONSTANT_CONVERSION = YES;
				CLANG_WARN_DEPRECATED_OBJC_IMPLEMENTATIONS = YES;
				CLANG_WARN_DIRECT_OBJC_ISA_USAGE = YES_ERROR;
				CLANG_WARN_DOCUMENTATION_COMMENTS = YES;
				CLANG_WARN_EMPTY_BODY = YES;
				CLANG_WARN_ENUM_CONVERSION = YES;
				CLANG_WARN_INFINITE_RECURSION = YES;
				CLANG_WARN_INT_CONVERSION = YES;
				CLANG_WARN_NON_LITERAL_NULL_CONVERSION = YES;
				CLANG_WARN_OBJC_IMPLICIT_RETAIN_SELF = YES;
				CLANG_WARN_OBJC_LITERAL_CONVERSION = YES;
				CLANG_WARN_OBJC_ROOT_CLASS = YES_ERROR;
				CLANG_WARN_QUOTED_INCLUDE_IN_FRAMEWORK_HEADER = YES;
				CLANG_WARN_RANGE_LOOP_ANALYSIS = YES;
				CLANG_WARN_STRICT_PROTOTYPES = YES;
				CLANG_WARN_SUSPICIOUS_MOVE = YES;
				CLANG_WARN_UNGUARDED_AVAILABILITY = YES_AGGRESSIVE;
				CLANG_WARN_UNREACHABLE_CODE = YES;
				CLANG_WARN__DUPLICATE_METHOD_MATCH = YES;
				COPY_PHASE_STRIP = NO;
				DEBUG_INFORMATION_FORMAT = dwarf;
				ENABLE_STRICT_OBJC_MSGSEND = YES;
				ENABLE_TESTABILITY = YES;
				ENABLE_USER_SCRIPT_SANDBOXING = YES;
				GCC_C_LANGUAGE_STANDARD = gnu17;
				GCC_DYNAMIC_NO_PIC = NO;
				GCC_NO_COMMON_BLOCKS = YES;
				GCC_OPTIMIZATION_LEVEL = 0;
				GCC_PREPROCESSOR_DEFINITIONS = (
					"DEBUG=1",
					"$(inherited)",
				);
				GCC_WARN_64_TO_32_BIT_CONVERSION = YES;
				GCC_WARN_ABOUT_RETURN_TYPE = YES_ERROR;
				GCC_WARN_UNDECLARED_SELECTOR = YES;
				GCC_WARN_UNINITIALIZED_AUTOS = YES_AGGRESSIVE;
				GCC_WARN_UNUSED_FUNCTION = YES;
				GCC_WARN_UNUSED_VARIABLE = YES;
				IPHONEOS_DEPLOYMENT_TARGET = 17.2;
				LOCALIZATION_PREFERS_STRING_CATALOGS = YES;
				MTL_ENABLE_DEBUG_INFO = INCLUDE_SOURCE;
				MTL_FAST_MATH = YES;
				ONLY_ACTIVE_ARCH = YES;
				SDKROOT = iphoneos;
				SWIFT_ACTIVE_COMPILATION_CONDITIONS = "DEBUG $(inherited)";
				SWIFT_OPTIMIZATION_LEVEL = "-Onone";
			};
			name = Debug;
		};
		2706477A2BBAB67700A8CCE7 /* Release */ = {
			isa = XCBuildConfiguration;
			buildSettings = {
				ALWAYS_SEARCH_USER_PATHS = NO;
				ASSETCATALOG_COMPILER_GENERATE_SWIFT_ASSET_SYMBOL_EXTENSIONS = YES;
				CLANG_ANALYZER_NONNULL = YES;
				CLANG_ANALYZER_NUMBER_OBJECT_CONVERSION = YES_AGGRESSIVE;
				CLANG_CXX_LANGUAGE_STANDARD = "gnu++20";
				CLANG_ENABLE_MODULES = YES;
				CLANG_ENABLE_OBJC_ARC = YES;
				CLANG_ENABLE_OBJC_WEAK = YES;
				CLANG_WARN_BLOCK_CAPTURE_AUTORELEASING = YES;
				CLANG_WARN_BOOL_CONVERSION = YES;
				CLANG_WARN_COMMA = YES;
				CLANG_WARN_CONSTANT_CONVERSION = YES;
				CLANG_WARN_DEPRECATED_OBJC_IMPLEMENTATIONS = YES;
				CLANG_WARN_DIRECT_OBJC_ISA_USAGE = YES_ERROR;
				CLANG_WARN_DOCUMENTATION_COMMENTS = YES;
				CLANG_WARN_EMPTY_BODY = YES;
				CLANG_WARN_ENUM_CONVERSION = YES;
				CLANG_WARN_INFINITE_RECURSION = YES;
				CLANG_WARN_INT_CONVERSION = YES;
				CLANG_WARN_NON_LITERAL_NULL_CONVERSION = YES;
				CLANG_WARN_OBJC_IMPLICIT_RETAIN_SELF = YES;
				CLANG_WARN_OBJC_LITERAL_CONVERSION = YES;
				CLANG_WARN_OBJC_ROOT_CLASS = YES_ERROR;
				CLANG_WARN_QUOTED_INCLUDE_IN_FRAMEWORK_HEADER = YES;
				CLANG_WARN_RANGE_LOOP_ANALYSIS = YES;
				CLANG_WARN_STRICT_PROTOTYPES = YES;
				CLANG_WARN_SUSPICIOUS_MOVE = YES;
				CLANG_WARN_UNGUARDED_AVAILABILITY = YES_AGGRESSIVE;
				CLANG_WARN_UNREACHABLE_CODE = YES;
				CLANG_WARN__DUPLICATE_METHOD_MATCH = YES;
				COPY_PHASE_STRIP = NO;
				DEBUG_INFORMATION_FORMAT = "dwarf-with-dsym";
				ENABLE_NS_ASSERTIONS = NO;
				ENABLE_STRICT_OBJC_MSGSEND = YES;
				ENABLE_USER_SCRIPT_SANDBOXING = YES;
				GCC_C_LANGUAGE_STANDARD = gnu17;
				GCC_NO_COMMON_BLOCKS = YES;
				GCC_WARN_64_TO_32_BIT_CONVERSION = YES;
				GCC_WARN_ABOUT_RETURN_TYPE = YES_ERROR;
				GCC_WARN_UNDECLARED_SELECTOR = YES;
				GCC_WARN_UNINITIALIZED_AUTOS = YES_AGGRESSIVE;
				GCC_WARN_UNUSED_FUNCTION = YES;
				GCC_WARN_UNUSED_VARIABLE = YES;
				IPHONEOS_DEPLOYMENT_TARGET = 17.2;
				LOCALIZATION_PREFERS_STRING_CATALOGS = YES;
				MTL_ENABLE_DEBUG_INFO = NO;
				MTL_FAST_MATH = YES;
				SDKROOT = iphoneos;
				SWIFT_COMPILATION_MODE = wholemodule;
				VALIDATE_PRODUCT = YES;
			};
			name = Release;
		};
		2706477C2BBAB67700A8CCE7 /* Debug */ = {
			isa = XCBuildConfiguration;
			buildSettings = {
				ASSETCATALOG_COMPILER_APPICON_NAME = AppIcon;
				ASSETCATALOG_COMPILER_GLOBAL_ACCENT_COLOR_NAME = AccentColor;
				CODE_SIGN_STYLE = Automatic;
				CURRENT_PROJECT_VERSION = 1;
				DEVELOPMENT_TEAM = 5YV4VGSKW4;
				GENERATE_INFOPLIST_FILE = YES;
				INFOPLIST_FILE = IChat/Info.plist;
				INFOPLIST_KEY_UIApplicationSupportsIndirectInputEvents = YES;
				INFOPLIST_KEY_UILaunchStoryboardName = LaunchScreen;
				INFOPLIST_KEY_UISupportedInterfaceOrientations = "UIInterfaceOrientationLandscapeLeft UIInterfaceOrientationLandscapeRight UIInterfaceOrientationPortrait";
				IPHONEOS_DEPLOYMENT_TARGET = 17.0;
				LD_RUNPATH_SEARCH_PATHS = (
					"$(inherited)",
					"@executable_path/Frameworks",
				);
				MARKETING_VERSION = 1.0;
				PRODUCT_BUNDLE_IDENTIFIER = com.evgeniyFakhretdinov.IChat;
				PRODUCT_NAME = "$(TARGET_NAME)";
				SUPPORTED_PLATFORMS = "iphoneos iphonesimulator";
				SUPPORTS_MACCATALYST = NO;
				SUPPORTS_MAC_DESIGNED_FOR_IPHONE_IPAD = NO;
				SUPPORTS_XR_DESIGNED_FOR_IPHONE_IPAD = NO;
				SWIFT_EMIT_LOC_STRINGS = YES;
				SWIFT_VERSION = 5.0;
				TARGETED_DEVICE_FAMILY = "1,2";
			};
			name = Debug;
		};
		2706477D2BBAB67700A8CCE7 /* Release */ = {
			isa = XCBuildConfiguration;
			buildSettings = {
				ASSETCATALOG_COMPILER_APPICON_NAME = AppIcon;
				ASSETCATALOG_COMPILER_GLOBAL_ACCENT_COLOR_NAME = AccentColor;
				CODE_SIGN_STYLE = Automatic;
				CURRENT_PROJECT_VERSION = 1;
				DEVELOPMENT_TEAM = 5YV4VGSKW4;
				GENERATE_INFOPLIST_FILE = YES;
				INFOPLIST_FILE = IChat/Info.plist;
				INFOPLIST_KEY_UIApplicationSupportsIndirectInputEvents = YES;
				INFOPLIST_KEY_UILaunchStoryboardName = LaunchScreen;
				INFOPLIST_KEY_UISupportedInterfaceOrientations = "UIInterfaceOrientationLandscapeLeft UIInterfaceOrientationLandscapeRight UIInterfaceOrientationPortrait";
				IPHONEOS_DEPLOYMENT_TARGET = 17.0;
				LD_RUNPATH_SEARCH_PATHS = (
					"$(inherited)",
					"@executable_path/Frameworks",
				);
				MARKETING_VERSION = 1.0;
				PRODUCT_BUNDLE_IDENTIFIER = com.evgeniyFakhretdinov.IChat;
				PRODUCT_NAME = "$(TARGET_NAME)";
				SUPPORTED_PLATFORMS = "iphoneos iphonesimulator";
				SUPPORTS_MACCATALYST = NO;
				SUPPORTS_MAC_DESIGNED_FOR_IPHONE_IPAD = NO;
				SUPPORTS_XR_DESIGNED_FOR_IPHONE_IPAD = NO;
				SWIFT_EMIT_LOC_STRINGS = YES;
				SWIFT_VERSION = 5.0;
				TARGETED_DEVICE_FAMILY = "1,2";
			};
			name = Release;
		};
/* End XCBuildConfiguration section */

/* Begin XCConfigurationList section */
		270647622BBAB67400A8CCE7 /* Build configuration list for PBXProject "IChat" */ = {
			isa = XCConfigurationList;
			buildConfigurations = (
				270647792BBAB67700A8CCE7 /* Debug */,
				2706477A2BBAB67700A8CCE7 /* Release */,
			);
			defaultConfigurationIsVisible = 0;
			defaultConfigurationName = Release;
		};
		2706477B2BBAB67700A8CCE7 /* Build configuration list for PBXNativeTarget "IChat" */ = {
			isa = XCConfigurationList;
			buildConfigurations = (
				2706477C2BBAB67700A8CCE7 /* Debug */,
				2706477D2BBAB67700A8CCE7 /* Release */,
			);
			defaultConfigurationIsVisible = 0;
			defaultConfigurationName = Release;
		};
/* End XCConfigurationList section */
	};
	rootObject = 2706475F2BBAB67400A8CCE7 /* Project object */;
}
